// !$*UTF8*$!
{
	archiveVersion = 1;
	classes = {
	};
	objectVersion = 46;
	objects = {

/* Begin PBXBuildFile section */
		01E602921C9A3160007C9E03 /* main.m in Sources */ = {isa = PBXBuildFile; fileRef = 01E602911C9A3160007C9E03 /* main.m */; };
		01E602951C9A3160007C9E03 /* AppDelegate.m in Sources */ = {isa = PBXBuildFile; fileRef = 01E602941C9A3160007C9E03 /* AppDelegate.m */; };
		01E602981C9A3160007C9E03 /* ViewController.m in Sources */ = {isa = PBXBuildFile; fileRef = 01E602971C9A3160007C9E03 /* ViewController.m */; };
		01E6029B1C9A3160007C9E03 /* Main.storyboard in Resources */ = {isa = PBXBuildFile; fileRef = 01E602991C9A3160007C9E03 /* Main.storyboard */; };
		01E6029D1C9A3160007C9E03 /* Assets.xcassets in Resources */ = {isa = PBXBuildFile; fileRef = 01E6029C1C9A3160007C9E03 /* Assets.xcassets */; };
		01E602A01C9A3160007C9E03 /* LaunchScreen.storyboard in Resources */ = {isa = PBXBuildFile; fileRef = 01E6029E1C9A3160007C9E03 /* LaunchScreen.storyboard */; };
		01E602AB1C9A3160007C9E03 /* QuantitativeBureauProjectTests.m in Sources */ = {isa = PBXBuildFile; fileRef = 01E602AA1C9A3160007C9E03 /* QuantitativeBureauProjectTests.m */; };
		01E602B61C9A3160007C9E03 /* QuantitativeBureauProjectUITests.m in Sources */ = {isa = PBXBuildFile; fileRef = 01E602B51C9A3160007C9E03 /* QuantitativeBureauProjectUITests.m */; };
/* End PBXBuildFile section */

/* Begin PBXContainerItemProxy section */
		01E602A71C9A3160007C9E03 /* PBXContainerItemProxy */ = {
			isa = PBXContainerItemProxy;
			containerPortal = 01E602851C9A3160007C9E03 /* Project object */;
			proxyType = 1;
			remoteGlobalIDString = 01E6028C1C9A3160007C9E03;
			remoteInfo = QuantitativeBureauProject;
		};
		01E602B21C9A3160007C9E03 /* PBXContainerItemProxy */ = {
			isa = PBXContainerItemProxy;
			containerPortal = 01E602851C9A3160007C9E03 /* Project object */;
			proxyType = 1;
			remoteGlobalIDString = 01E6028C1C9A3160007C9E03;
			remoteInfo = QuantitativeBureauProject;
		};
/* End PBXContainerItemProxy section */

/* Begin PBXFileReference section */
		01E6028D1C9A3160007C9E03 /* QuantitativeBureauProject.app */ = {isa = PBXFileReference; explicitFileType = wrapper.application; includeInIndex = 0; path = QuantitativeBureauProject.app; sourceTree = BUILT_PRODUCTS_DIR; };
		01E602911C9A3160007C9E03 /* main.m */ = {isa = PBXFileReference; lastKnownFileType = sourcecode.c.objc; path = main.m; sourceTree = "<group>"; };
		01E602931C9A3160007C9E03 /* AppDelegate.h */ = {isa = PBXFileReference; lastKnownFileType = sourcecode.c.h; path = AppDelegate.h; sourceTree = "<group>"; };
		01E602941C9A3160007C9E03 /* AppDelegate.m */ = {isa = PBXFileReference; lastKnownFileType = sourcecode.c.objc; path = AppDelegate.m; sourceTree = "<group>"; };
		01E602961C9A3160007C9E03 /* ViewController.h */ = {isa = PBXFileReference; lastKnownFileType = sourcecode.c.h; path = ViewController.h; sourceTree = "<group>"; };
		01E602971C9A3160007C9E03 /* ViewController.m */ = {isa = PBXFileReference; lastKnownFileType = sourcecode.c.objc; path = ViewController.m; sourceTree = "<group>"; };
		01E6029A1C9A3160007C9E03 /* Base */ = {isa = PBXFileReference; lastKnownFileType = file.storyboard; name = Base; path = Base.lproj/Main.storyboard; sourceTree = "<group>"; };
		01E6029C1C9A3160007C9E03 /* Assets.xcassets */ = {isa = PBXFileReference; lastKnownFileType = folder.assetcatalog; path = Assets.xcassets; sourceTree = "<group>"; };
		01E6029F1C9A3160007C9E03 /* Base */ = {isa = PBXFileReference; lastKnownFileType = file.storyboard; name = Base; path = Base.lproj/LaunchScreen.storyboard; sourceTree = "<group>"; };
		01E602A11C9A3160007C9E03 /* Info.plist */ = {isa = PBXFileReference; lastKnownFileType = text.plist.xml; path = Info.plist; sourceTree = "<group>"; };
		01E602A61C9A3160007C9E03 /* QuantitativeBureauProjectTests.xctest */ = {isa = PBXFileReference; explicitFileType = wrapper.cfbundle; includeInIndex = 0; path = QuantitativeBureauProjectTests.xctest; sourceTree = BUILT_PRODUCTS_DIR; };
		01E602AA1C9A3160007C9E03 /* QuantitativeBureauProjectTests.m */ = {isa = PBXFileReference; lastKnownFileType = sourcecode.c.objc; path = QuantitativeBureauProjectTests.m; sourceTree = "<group>"; };
		01E602AC1C9A3160007C9E03 /* Info.plist */ = {isa = PBXFileReference; lastKnownFileType = text.plist.xml; path = Info.plist; sourceTree = "<group>"; };
		01E602B11C9A3160007C9E03 /* QuantitativeBureauProjectUITests.xctest */ = {isa = PBXFileReference; explicitFileType = wrapper.cfbundle; includeInIndex = 0; path = QuantitativeBureauProjectUITests.xctest; sourceTree = BUILT_PRODUCTS_DIR; };
		01E602B51C9A3160007C9E03 /* QuantitativeBureauProjectUITests.m */ = {isa = PBXFileReference; lastKnownFileType = sourcecode.c.objc; path = QuantitativeBureauProjectUITests.m; sourceTree = "<group>"; };
		01E602B71C9A3160007C9E03 /* Info.plist */ = {isa = PBXFileReference; lastKnownFileType = text.plist.xml; path = Info.plist; sourceTree = "<group>"; };
/* End PBXFileReference section */

/* Begin PBXFrameworksBuildPhase section */
		01E6028A1C9A3160007C9E03 /* Frameworks */ = {
			isa = PBXFrameworksBuildPhase;
			buildActionMask = 2147483647;
			files = (
			);
			runOnlyForDeploymentPostprocessing = 0;
		};
		01E602A31C9A3160007C9E03 /* Frameworks */ = {
			isa = PBXFrameworksBuildPhase;
			buildActionMask = 2147483647;
			files = (
			);
			runOnlyForDeploymentPostprocessing = 0;
		};
		01E602AE1C9A3160007C9E03 /* Frameworks */ = {
			isa = PBXFrameworksBuildPhase;
			buildActionMask = 2147483647;
			files = (
			);
			runOnlyForDeploymentPostprocessing = 0;
		};
/* End PBXFrameworksBuildPhase section */

/* Begin PBXGroup section */
		01E602841C9A3160007C9E03 = {
			isa = PBXGroup;
			children = (
				01E6028F1C9A3160007C9E03 /* QuantitativeBureauProject */,
				01E602A91C9A3160007C9E03 /* QuantitativeBureauProjectTests */,
				01E602B41C9A3160007C9E03 /* QuantitativeBureauProjectUITests */,
				01E6028E1C9A3160007C9E03 /* Products */,
			);
			sourceTree = "<group>";
		};
		01E6028E1C9A3160007C9E03 /* Products */ = {
			isa = PBXGroup;
			children = (
				01E6028D1C9A3160007C9E03 /* QuantitativeBureauProject.app */,
				01E602A61C9A3160007C9E03 /* QuantitativeBureauProjectTests.xctest */,
				01E602B11C9A3160007C9E03 /* QuantitativeBureauProjectUITests.xctest */,
			);
			name = Products;
			sourceTree = "<group>";
		};
		01E6028F1C9A3160007C9E03 /* QuantitativeBureauProject */ = {
			isa = PBXGroup;
			children = (
				01E602931C9A3160007C9E03 /* AppDelegate.h */,
				01E602941C9A3160007C9E03 /* AppDelegate.m */,
				01E602961C9A3160007C9E03 /* ViewController.h */,
				01E602971C9A3160007C9E03 /* ViewController.m */,
				01E602991C9A3160007C9E03 /* Main.storyboard */,
				01E6029C1C9A3160007C9E03 /* Assets.xcassets */,
				01E6029E1C9A3160007C9E03 /* LaunchScreen.storyboard */,
				01E602A11C9A3160007C9E03 /* Info.plist */,
				01E602901C9A3160007C9E03 /* Supporting Files */,
			);
			path = QuantitativeBureauProject;
			sourceTree = "<group>";
		};
		01E602901C9A3160007C9E03 /* Supporting Files */ = {
			isa = PBXGroup;
			children = (
				01E602911C9A3160007C9E03 /* main.m */,
			);
			name = "Supporting Files";
			sourceTree = "<group>";
		};
		01E602A91C9A3160007C9E03 /* QuantitativeBureauProjectTests */ = {
			isa = PBXGroup;
			children = (
				01E602AA1C9A3160007C9E03 /* QuantitativeBureauProjectTests.m */,
				01E602AC1C9A3160007C9E03 /* Info.plist */,
			);
			path = QuantitativeBureauProjectTests;
			sourceTree = "<group>";
		};
		01E602B41C9A3160007C9E03 /* QuantitativeBureauProjectUITests */ = {
			isa = PBXGroup;
			children = (
				01E602B51C9A3160007C9E03 /* QuantitativeBureauProjectUITests.m */,
				01E602B71C9A3160007C9E03 /* Info.plist */,
			);
			path = QuantitativeBureauProjectUITests;
			sourceTree = "<group>";
		};
/* End PBXGroup section */

/* Begin PBXNativeTarget section */
		01E6028C1C9A3160007C9E03 /* QuantitativeBureauProject */ = {
			isa = PBXNativeTarget;
			buildConfigurationList = 01E602BA1C9A3160007C9E03 /* Build configuration list for PBXNativeTarget "QuantitativeBureauProject" */;
			buildPhases = (
				01E602891C9A3160007C9E03 /* Sources */,
				01E6028A1C9A3160007C9E03 /* Frameworks */,
				01E6028B1C9A3160007C9E03 /* Resources */,
			);
			buildRules = (
			);
			dependencies = (
			);
			name = QuantitativeBureauProject;
			productName = QuantitativeBureauProject;
			productReference = 01E6028D1C9A3160007C9E03 /* QuantitativeBureauProject.app */;
			productType = "com.apple.product-type.application";
		};
		01E602A51C9A3160007C9E03 /* QuantitativeBureauProjectTests */ = {
			isa = PBXNativeTarget;
			buildConfigurationList = 01E602BD1C9A3160007C9E03 /* Build configuration list for PBXNativeTarget "QuantitativeBureauProjectTests" */;
			buildPhases = (
				01E602A21C9A3160007C9E03 /* Sources */,
				01E602A31C9A3160007C9E03 /* Frameworks */,
				01E602A41C9A3160007C9E03 /* Resources */,
			);
			buildRules = (
			);
			dependencies = (
				01E602A81C9A3160007C9E03 /* PBXTargetDependency */,
			);
			name = QuantitativeBureauProjectTests;
			productName = QuantitativeBureauProjectTests;
			productReference = 01E602A61C9A3160007C9E03 /* QuantitativeBureauProjectTests.xctest */;
			productType = "com.apple.product-type.bundle.unit-test";
		};
		01E602B01C9A3160007C9E03 /* QuantitativeBureauProjectUITests */ = {
			isa = PBXNativeTarget;
			buildConfigurationList = 01E602C01C9A3160007C9E03 /* Build configuration list for PBXNativeTarget "QuantitativeBureauProjectUITests" */;
			buildPhases = (
				01E602AD1C9A3160007C9E03 /* Sources */,
				01E602AE1C9A3160007C9E03 /* Frameworks */,
				01E602AF1C9A3160007C9E03 /* Resources */,
			);
			buildRules = (
			);
			dependencies = (
				01E602B31C9A3160007C9E03 /* PBXTargetDependency */,
			);
			name = QuantitativeBureauProjectUITests;
			productName = QuantitativeBureauProjectUITests;
			productReference = 01E602B11C9A3160007C9E03 /* QuantitativeBureauProjectUITests.xctest */;
			productType = "com.apple.product-type.bundle.ui-testing";
		};
/* End PBXNativeTarget section */

/* Begin PBXProject section */
		01E602851C9A3160007C9E03 /* Project object */ = {
			isa = PBXProject;
			attributes = {
				LastUpgradeCheck = 0720;
				ORGANIZATIONNAME = shangtong;
				TargetAttributes = {
					01E6028C1C9A3160007C9E03 = {
						CreatedOnToolsVersion = 7.2;
					};
					01E602A51C9A3160007C9E03 = {
						CreatedOnToolsVersion = 7.2;
						TestTargetID = 01E6028C1C9A3160007C9E03;
					};
					01E602B01C9A3160007C9E03 = {
						CreatedOnToolsVersion = 7.2;
						TestTargetID = 01E6028C1C9A3160007C9E03;
					};
				};
			};
			buildConfigurationList = 01E602881C9A3160007C9E03 /* Build configuration list for PBXProject "QuantitativeBureauProject" */;
			compatibilityVersion = "Xcode 3.2";
			developmentRegion = English;
			hasScannedForEncodings = 0;
			knownRegions = (
				en,
				Base,
			);
			mainGroup = 01E602841C9A3160007C9E03;
			productRefGroup = 01E6028E1C9A3160007C9E03 /* Products */;
			projectDirPath = "";
			projectRoot = "";
			targets = (
				01E6028C1C9A3160007C9E03 /* QuantitativeBureauProject */,
				01E602A51C9A3160007C9E03 /* QuantitativeBureauProjectTests */,
				01E602B01C9A3160007C9E03 /* QuantitativeBureauProjectUITests */,
			);
		};
/* End PBXProject section */

/* Begin PBXResourcesBuildPhase section */
		01E6028B1C9A3160007C9E03 /* Resources */ = {
			isa = PBXResourcesBuildPhase;
			buildActionMask = 2147483647;
			files = (
				01E602A01C9A3160007C9E03 /* LaunchScreen.storyboard in Resources */,
				01E6029D1C9A3160007C9E03 /* Assets.xcassets in Resources */,
				01E6029B1C9A3160007C9E03 /* Main.storyboard in Resources */,
			);
			runOnlyForDeploymentPostprocessing = 0;
		};
		01E602A41C9A3160007C9E03 /* Resources */ = {
			isa = PBXResourcesBuildPhase;
			buildActionMask = 2147483647;
			files = (
			);
			runOnlyForDeploymentPostprocessing = 0;
		};
		01E602AF1C9A3160007C9E03 /* Resources */ = {
			isa = PBXResourcesBuildPhase;
			buildActionMask = 2147483647;
			files = (
			);
			runOnlyForDeploymentPostprocessing = 0;
		};
/* End PBXResourcesBuildPhase section */

/* Begin PBXSourcesBuildPhase section */
		01E602891C9A3160007C9E03 /* Sources */ = {
			isa = PBXSourcesBuildPhase;
			buildActionMask = 2147483647;
			files = (
				01E602981C9A3160007C9E03 /* ViewController.m in Sources */,
				01E602951C9A3160007C9E03 /* AppDelegate.m in Sources */,
				01E602921C9A3160007C9E03 /* main.m in Sources */,
			);
			runOnlyForDeploymentPostprocessing = 0;
		};
		01E602A21C9A3160007C9E03 /* Sources */ = {
			isa = PBXSourcesBuildPhase;
			buildActionMask = 2147483647;
			files = (
				01E602AB1C9A3160007C9E03 /* QuantitativeBureauProjectTests.m in Sources */,
			);
			runOnlyForDeploymentPostprocessing = 0;
		};
		01E602AD1C9A3160007C9E03 /* Sources */ = {
			isa = PBXSourcesBuildPhase;
			buildActionMask = 2147483647;
			files = (
				01E602B61C9A3160007C9E03 /* QuantitativeBureauProjectUITests.m in Sources */,
			);
			runOnlyForDeploymentPostprocessing = 0;
		};
/* End PBXSourcesBuildPhase section */

/* Begin PBXTargetDependency section */
		01E602A81C9A3160007C9E03 /* PBXTargetDependency */ = {
			isa = PBXTargetDependency;
			target = 01E6028C1C9A3160007C9E03 /* QuantitativeBureauProject */;
			targetProxy = 01E602A71C9A3160007C9E03 /* PBXContainerItemProxy */;
		};
		01E602B31C9A3160007C9E03 /* PBXTargetDependency */ = {
			isa = PBXTargetDependency;
			target = 01E6028C1C9A3160007C9E03 /* QuantitativeBureauProject */;
			targetProxy = 01E602B21C9A3160007C9E03 /* PBXContainerItemProxy */;
		};
/* End PBXTargetDependency section */

/* Begin PBXVariantGroup section */
		01E602991C9A3160007C9E03 /* Main.storyboard */ = {
			isa = PBXVariantGroup;
			children = (
				01E6029A1C9A3160007C9E03 /* Base */,
			);
			name = Main.storyboard;
			sourceTree = "<group>";
		};
		01E6029E1C9A3160007C9E03 /* LaunchScreen.storyboard */ = {
			isa = PBXVariantGroup;
			children = (
				01E6029F1C9A3160007C9E03 /* Base */,
			);
			name = LaunchScreen.storyboard;
			sourceTree = "<group>";
		};
/* End PBXVariantGroup section */

/* Begin XCBuildConfiguration section */
		01E602B81C9A3160007C9E03 /* Debug */ = {
			isa = XCBuildConfiguration;
			buildSettings = {
				ALWAYS_SEARCH_USER_PATHS = NO;
				CLANG_CXX_LANGUAGE_STANDARD = "gnu++0x";
				CLANG_CXX_LIBRARY = "libc++";
				CLANG_ENABLE_MODULES = YES;
				CLANG_ENABLE_OBJC_ARC = YES;
				CLANG_WARN_BOOL_CONVERSION = YES;
				CLANG_WARN_CONSTANT_CONVERSION = YES;
				CLANG_WARN_DIRECT_OBJC_ISA_USAGE = YES_ERROR;
				CLANG_WARN_EMPTY_BODY = YES;
				CLANG_WARN_ENUM_CONVERSION = YES;
				CLANG_WARN_INT_CONVERSION = YES;
				CLANG_WARN_OBJC_ROOT_CLASS = YES_ERROR;
				CLANG_WARN_UNREACHABLE_CODE = YES;
				CLANG_WARN__DUPLICATE_METHOD_MATCH = YES;
				"CODE_SIGN_IDENTITY[sdk=iphoneos*]" = "iPhone Developer";
				COPY_PHASE_STRIP = NO;
				DEBUG_INFORMATION_FORMAT = dwarf;
				ENABLE_STRICT_OBJC_MSGSEND = YES;
				ENABLE_TESTABILITY = YES;
				GCC_C_LANGUAGE_STANDARD = gnu99;
				GCC_DYNAMIC_NO_PIC = NO;
				GCC_NO_COMMON_BLOCKS = YES;
				GCC_OPTIMIZATION_LEVEL = 0;
				GCC_PREPROCESSOR_DEFINITIONS = (
					"DEBUG=1",
					"$(inherited)",
				);
				GCC_WARN_64_TO_32_BIT_CONVERSION = YES;
				GCC_WARN_ABOUT_RETURN_TYPE = YES_ERROR;
				GCC_WARN_UNDECLARED_SELECTOR = YES;
				GCC_WARN_UNINITIALIZED_AUTOS = YES_AGGRESSIVE;
				GCC_WARN_UNUSED_FUNCTION = YES;
				GCC_WARN_UNUSED_VARIABLE = YES;
				IPHONEOS_DEPLOYMENT_TARGET = 9.2;
				MTL_ENABLE_DEBUG_INFO = YES;
				ONLY_ACTIVE_ARCH = YES;
				SDKROOT = iphoneos;
				TARGETED_DEVICE_FAMILY = "1,2";
			};
			name = Debug;
		};
		01E602B91C9A3160007C9E03 /* Release */ = {
			isa = XCBuildConfiguration;
			buildSettings = {
				ALWAYS_SEARCH_USER_PATHS = NO;
				CLANG_CXX_LANGUAGE_STANDARD = "gnu++0x";
				CLANG_CXX_LIBRARY = "libc++";
				CLANG_ENABLE_MODULES = YES;
				CLANG_ENABLE_OBJC_ARC = YES;
				CLANG_WARN_BOOL_CONVERSION = YES;
				CLANG_WARN_CONSTANT_CONVERSION = YES;
				CLANG_WARN_DIRECT_OBJC_ISA_USAGE = YES_ERROR;
				CLANG_WARN_EMPTY_BODY = YES;
				CLANG_WARN_ENUM_CONVERSION = YES;
				CLANG_WARN_INT_CONVERSION = YES;
				CLANG_WARN_OBJC_ROOT_CLASS = YES_ERROR;
				CLANG_WARN_UNREACHABLE_CODE = YES;
				CLANG_WARN__DUPLICATE_METHOD_MATCH = YES;
				"CODE_SIGN_IDENTITY[sdk=iphoneos*]" = "iPhone Developer";
				COPY_PHASE_STRIP = NO;
				DEBUG_INFORMATION_FORMAT = "dwarf-with-dsym";
				ENABLE_NS_ASSERTIONS = NO;
				ENABLE_STRICT_OBJC_MSGSEND = YES;
				GCC_C_LANGUAGE_STANDARD = gnu99;
				GCC_NO_COMMON_BLOCKS = YES;
				GCC_WARN_64_TO_32_BIT_CONVERSION = YES;
				GCC_WARN_ABOUT_RETURN_TYPE = YES_ERROR;
				GCC_WARN_UNDECLARED_SELECTOR = YES;
				GCC_WARN_UNINITIALIZED_AUTOS = YES_AGGRESSIVE;
				GCC_WARN_UNUSED_FUNCTION = YES;
				GCC_WARN_UNUSED_VARIABLE = YES;
				IPHONEOS_DEPLOYMENT_TARGET = 9.2;
				MTL_ENABLE_DEBUG_INFO = NO;
				SDKROOT = iphoneos;
				TARGETED_DEVICE_FAMILY = "1,2";
				VALIDATE_PRODUCT = YES;
			};
			name = Release;
		};
		01E602BB1C9A3160007C9E03 /* Debug */ = {
			isa = XCBuildConfiguration;
			buildSettings = {
				ASSETCATALOG_COMPILER_APPICON_NAME = AppIcon;
				INFOPLIST_FILE = QuantitativeBureauProject/Info.plist;
				LD_RUNPATH_SEARCH_PATHS = "$(inherited) @executable_path/Frameworks";
				PRODUCT_BUNDLE_IDENTIFIER = QingDaoShangTongTianXia.QuantitativeBureauProject;
				PRODUCT_NAME = "$(TARGET_NAME)";
			};
			name = Debug;
		};
		01E602BC1C9A3160007C9E03 /* Release */ = {
			isa = XCBuildConfiguration;
			buildSettings = {
				ASSETCATALOG_COMPILER_APPICON_NAME = AppIcon;
				INFOPLIST_FILE = QuantitativeBureauProject/Info.plist;
				LD_RUNPATH_SEARCH_PATHS = "$(inherited) @executable_path/Frameworks";
				PRODUCT_BUNDLE_IDENTIFIER = QingDaoShangTongTianXia.QuantitativeBureauProject;
				PRODUCT_NAME = "$(TARGET_NAME)";
			};
			name = Release;
		};
		01E602BE1C9A3160007C9E03 /* Debug */ = {
			isa = XCBuildConfiguration;
			buildSettings = {
				BUNDLE_LOADER = "$(TEST_HOST)";
				INFOPLIST_FILE = QuantitativeBureauProjectTests/Info.plist;
				LD_RUNPATH_SEARCH_PATHS = "$(inherited) @executable_path/Frameworks @loader_path/Frameworks";
				PRODUCT_BUNDLE_IDENTIFIER = QingDaoShangTongTianXia.QuantitativeBureauProjectTests;
				PRODUCT_NAME = "$(TARGET_NAME)";
				TEST_HOST = "$(BUILT_PRODUCTS_DIR)/QuantitativeBureauProject.app/QuantitativeBureauProject";
			};
			name = Debug;
		};
		01E602BF1C9A3160007C9E03 /* Release */ = {
			isa = XCBuildConfiguration;
			buildSettings = {
				BUNDLE_LOADER = "$(TEST_HOST)";
				INFOPLIST_FILE = QuantitativeBureauProjectTests/Info.plist;
				LD_RUNPATH_SEARCH_PATHS = "$(inherited) @executable_path/Frameworks @loader_path/Frameworks";
				PRODUCT_BUNDLE_IDENTIFIER = QingDaoShangTongTianXia.QuantitativeBureauProjectTests;
				PRODUCT_NAME = "$(TARGET_NAME)";
				TEST_HOST = "$(BUILT_PRODUCTS_DIR)/QuantitativeBureauProject.app/QuantitativeBureauProject";
			};
			name = Release;
		};
		01E602C11C9A3160007C9E03 /* Debug */ = {
			isa = XCBuildConfiguration;
			buildSettings = {
				INFOPLIST_FILE = QuantitativeBureauProjectUITests/Info.plist;
				LD_RUNPATH_SEARCH_PATHS = "$(inherited) @executable_path/Frameworks @loader_path/Frameworks";
				PRODUCT_BUNDLE_IDENTIFIER = QingDaoShangTongTianXia.QuantitativeBureauProjectUITests;
				PRODUCT_NAME = "$(TARGET_NAME)";
				TEST_TARGET_NAME = QuantitativeBureauProject;
				USES_XCTRUNNER = YES;
			};
			name = Debug;
		};
		01E602C21C9A3160007C9E03 /* Release */ = {
			isa = XCBuildConfiguration;
			buildSettings = {
				INFOPLIST_FILE = QuantitativeBureauProjectUITests/Info.plist;
				LD_RUNPATH_SEARCH_PATHS = "$(inherited) @executable_path/Frameworks @loader_path/Frameworks";
				PRODUCT_BUNDLE_IDENTIFIER = QingDaoShangTongTianXia.QuantitativeBureauProjectUITests;
				PRODUCT_NAME = "$(TARGET_NAME)";
				TEST_TARGET_NAME = QuantitativeBureauProject;
				USES_XCTRUNNER = YES;
			};
			name = Release;
		};
/* End XCBuildConfiguration section */

/* Begin XCConfigurationList section */
		01E602881C9A3160007C9E03 /* Build configuration list for PBXProject "QuantitativeBureauProject" */ = {
			isa = XCConfigurationList;
			buildConfigurations = (
				01E602B81C9A3160007C9E03 /* Debug */,
				01E602B91C9A3160007C9E03 /* Release */,
			);
			defaultConfigurationIsVisible = 0;
			defaultConfigurationName = Release;
		};
		01E602BA1C9A3160007C9E03 /* Build configuration list for PBXNativeTarget "QuantitativeBureauProject" */ = {
			isa = XCConfigurationList;
			buildConfigurations = (
				01E602BB1C9A3160007C9E03 /* Debug */,
				01E602BC1C9A3160007C9E03 /* Release */,
			);
			defaultConfigurationIsVisible = 0;
		};
		01E602BD1C9A3160007C9E03 /* Build configuration list for PBXNativeTarget "QuantitativeBureauProjectTests" */ = {
			isa = XCConfigurationList;
			buildConfigurations = (
				01E602BE1C9A3160007C9E03 /* Debug */,
				01E602BF1C9A3160007C9E03 /* Release */,
			);
			defaultConfigurationIsVisible = 0;
		};
		01E602C01C9A3160007C9E03 /* Build configuration list for PBXNativeTarget "QuantitativeBureauProjectUITests" */ = {
			isa = XCConfigurationList;
			buildConfigurations = (
				01E602C11C9A3160007C9E03 /* Debug */,
				01E602C21C9A3160007C9E03 /* Release */,
			);
			defaultConfigurationIsVisible = 0;
		};
/* End XCConfigurationList section */
	};
	rootObject = 01E602851C9A3160007C9E03 /* Project object */;
}
